
Microsoft Visual Studio Solution File, Format Version 12.00
# Visual Studio Version 17
VisualStudioVersion = 17.0.31903.59
MinimumVisualStudioVersion = 10.0.40219.1
Project("{FAE04EC0-301F-11D3-BF4B-00C04F79EFBC}") = "MonoLDtk.Example", "MonoLDtk.Example\MonoLDtk.Example.csproj", "{F9967CBC-E27B-4A32-9968-805D570A0DAC}"
EndProject
Project("{FAE04EC0-301F-11D3-BF4B-00C04F79EFBC}") = "MonoLDtk.Pipeline", "MonoLDtk.Pipeline\MonoLDtk.Pipeline.csproj", "{A0D8B502-9FCD-47AA-A127-0F3BE2D886E0}"
EndProject
Project("{FAE04EC0-301F-11D3-BF4B-00C04F79EFBC}") = "MonoLDtk.Shared", "MonoLDtk.Shared\MonoLDtk.Shared.csproj", "{45981A10-FE9C-4B65-84CE-7A09982FEFDD}"
EndProject
Global
	GlobalSection(SolutionConfigurationPlatforms) = preSolution
		Debug|Any CPU = Debug|Any CPU
		Release|Any CPU = Release|Any CPU
	EndGlobalSection
	GlobalSection(SolutionProperties) = preSolution
		HideSolutionNode = FALSE
	EndGlobalSection
	GlobalSection(ProjectConfigurationPlatforms) = postSolution
		{F9967CBC-E27B-4A32-9968-805D570A0DAC}.Debug|Any CPU.ActiveCfg = Debug|Any CPU
		{F9967CBC-E27B-4A32-9968-805D570A0DAC}.Debug|Any CPU.Build.0 = Debug|Any CPU
		{F9967CBC-E27B-4A32-9968-805D570A0DAC}.Release|Any CPU.ActiveCfg = Release|Any CPU
		{F9967CBC-E27B-4A32-9968-805D570A0DAC}.Release|Any CPU.Build.0 = Release|Any CPU
		{A0D8B502-9FCD-47AA-A127-0F3BE2D886E0}.Debug|Any CPU.ActiveCfg = Debug|Any CPU
		{A0D8B502-9FCD-47AA-A127-0F3BE2D886E0}.Debug|Any CPU.Build.0 = Debug|Any CPU
		{A0D8B502-9FCD-47AA-A127-0F3BE2D886E0}.Release|Any CPU.ActiveCfg = Release|Any CPU
		{A0D8B502-9FCD-47AA-A127-0F3BE2D886E0}.Release|Any CPU.Build.0 = Release|Any CPU
		{45981A10-FE9C-4B65-84CE-7A09982FEFDD}.Debug|Any CPU.ActiveCfg = Debug|Any CPU
		{45981A10-FE9C-4B65-84CE-7A09982FEFDD}.Debug|Any CPU.Build.0 = Debug|Any CPU
		{45981A10-FE9C-4B65-84CE-7A09982FEFDD}.Release|Any CPU.ActiveCfg = Release|Any CPU
		{45981A10-FE9C-4B65-84CE-7A09982FEFDD}.Release|Any CPU.Build.0 = Release|Any CPU
	EndGlobalSection
EndGlobal
